
Microsoft Visual Studio Solution File, Format Version 12.00
# Visual Studio Version 17
VisualStudioVersion = 17.5.002.0
MinimumVisualStudioVersion = 10.0.40219.1
Project("{9A19103F-16F7-4668-BE54-9A1E7A4F7556}") = "cse210", "cse210.csproj", "{0F9C81E1-163A-4DAB-954E-D3FB7BF7D66C}"
EndProject
Project("{9A19103F-16F7-4668-BE54-9A1E7A4F7556}") = "CODE-ALONG2", "CODE-ALONG2\CODE-ALONG2.csproj", "{F25984E4-E291-4DE9-B92E-7FC1E8533B4B}"
EndProject
Project("{9A19103F-16F7-4668-BE54-9A1E7A4F7556}") = "inClass", "inClass\inClass.csproj", "{4ABC26E1-D1A9-4464-A9DC-050E9814A427}"
EndProject
Project("{9A19103F-16F7-4668-BE54-9A1E7A4F7556}") = "testing", "testing\testing.csproj", "{FA43A2E7-C36D-4713-8AC8-82E52DF28CCD}"
EndProject
Project("{2150E333-8FDC-42A3-9474-1A3956D46DE8}") = "csharp-prep", "csharp-prep", "{13702C86-3933-4B92-A340-7B58E7EF5A72}"
EndProject
Project("{9A19103F-16F7-4668-BE54-9A1E7A4F7556}") = "Prep1", "csharp-prep\Prep1\Prep1.csproj", "{4471F4DD-BDE0-456F-9DA8-2FC91915E4EA}"
EndProject
Project("{9A19103F-16F7-4668-BE54-9A1E7A4F7556}") = "Prep2", "csharp-prep\Prep2\Prep2.csproj", "{63FD61BF-88D4-4A8C-B86F-7958A9B01657}"
EndProject
Project("{9A19103F-16F7-4668-BE54-9A1E7A4F7556}") = "Prep3", "csharp-prep\Prep3\Prep3.csproj", "{99E8D68D-416D-4DE0-AABC-105F2216BBB4}"
EndProject
Project("{9A19103F-16F7-4668-BE54-9A1E7A4F7556}") = "Prep4", "csharp-prep\Prep4\Prep4.csproj", "{15163510-D3C5-4B84-96CD-C8FAA412595C}"
EndProject
Project("{9A19103F-16F7-4668-BE54-9A1E7A4F7556}") = "Prep5", "csharp-prep\Prep5\Prep5.csproj", "{9C96EB6F-6D0E-4C60-A15E-F44CF08EC026}"
EndProject
Project("{2150E333-8FDC-42A3-9474-1A3956D46DE8}") = "final", "final", "{721D2FB8-3670-4156-998F-3AE83993E09B}"
EndProject
Project("{9A19103F-16F7-4668-BE54-9A1E7A4F7556}") = "FinalProject", "final\FinalProject\FinalProject.csproj", "{3E854EC4-9205-4C66-9F04-A2CE35CE4A3C}"
EndProject
Project("{9A19103F-16F7-4668-BE54-9A1E7A4F7556}") = "Foundation1", "final\Foundation1\Foundation1.csproj", "{25599AF1-1E5C-4CFF-AC53-31439D0E9D9A}"
EndProject
Project("{9A19103F-16F7-4668-BE54-9A1E7A4F7556}") = "Foundation2", "final\Foundation2\Foundation2.csproj", "{C8972FD2-8934-4769-B46D-61CDBF45FD9A}"
EndProject
Project("{9A19103F-16F7-4668-BE54-9A1E7A4F7556}") = "Foundation3", "final\Foundation3\Foundation3.csproj", "{E81CF08D-B4BD-4A4C-B486-897247351642}"
EndProject
Project("{9A19103F-16F7-4668-BE54-9A1E7A4F7556}") = "Foundation4", "final\Foundation4\Foundation4.csproj", "{17721B88-3606-4BF5-AF55-EA9163D27AAD}"
EndProject
Project("{2150E333-8FDC-42A3-9474-1A3956D46DE8}") = "prepare", "prepare", "{3E7F0E2A-45A5-4A5D-AD02-ED5ED89C1D10}"
EndProject
Project("{9A19103F-16F7-4668-BE54-9A1E7A4F7556}") = "Learning02", "prepare\Learning02\Learning02.csproj", "{0224FFD3-5261-45F9-B548-187C49DC781B}"
EndProject
Project("{9A19103F-16F7-4668-BE54-9A1E7A4F7556}") = "Learning03", "prepare\Learning03\Learning03.csproj", "{ABA86A31-A9CF-46C9-A43F-4B1CE87A1B93}"
EndProject
Project("{9A19103F-16F7-4668-BE54-9A1E7A4F7556}") = "Learning04", "prepare\Learning04\Learning04.csproj", "{43BC44F6-C1DD-4CC3-BE96-92E9619FA6DD}"
EndProject
Project("{9A19103F-16F7-4668-BE54-9A1E7A4F7556}") = "Learning05", "prepare\Learning05\Learning05.csproj", "{89986CB8-81AC-4BE5-A18C-F0430F928D62}"
EndProject
Project("{9A19103F-16F7-4668-BE54-9A1E7A4F7556}") = "Develop05InClass", "prepare\Learning05InClass\Develop05InClass.csproj", "{DFF11FF8-4D5B-40D6-8494-65AC31FBB497}"
EndProject
Project("{2150E333-8FDC-42A3-9474-1A3956D46DE8}") = "prove", "prove", "{DE0FFC2E-7673-40AA-8CB7-2B01BC3816CE}"
EndProject
Project("{9A19103F-16F7-4668-BE54-9A1E7A4F7556}") = "Develop02", "prove\Develop02\Develop02.csproj", "{7D707FF5-A4BF-40BF-BDCA-483E30308DAD}"
EndProject
Project("{9A19103F-16F7-4668-BE54-9A1E7A4F7556}") = "Develop03", "prove\Develop03\Develop03.csproj", "{E2B5D869-554A-43B3-AB98-0C3FF5DF60C2}"
EndProject
Project("{9A19103F-16F7-4668-BE54-9A1E7A4F7556}") = "Develop04", "prove\Develop04\Develop04.csproj", "{ABE0BF44-2640-41F2-8F40-33482754A913}"
EndProject
Project("{9A19103F-16F7-4668-BE54-9A1E7A4F7556}") = "Develop05", "prove\Develop05\Develop05.csproj", "{1289209E-E98E-4941-9998-9082FA33846A}"
EndProject
Project("{2150E333-8FDC-42A3-9474-1A3956D46DE8}") = "sandbox", "sandbox", "{975D025B-C265-4CF2-A416-E73221B80498}"
EndProject
Project("{9A19103F-16F7-4668-BE54-9A1E7A4F7556}") = "Sandbox", "sandbox\Sandbox\Sandbox.csproj", "{0351AE89-01B6-4A55-AEE4-5EFE21E2114C}"
EndProject
Global
	GlobalSection(SolutionConfigurationPlatforms) = preSolution
		Debug|Any CPU = Debug|Any CPU
		Release|Any CPU = Release|Any CPU
	EndGlobalSection
	GlobalSection(ProjectConfigurationPlatforms) = postSolution
		{0F9C81E1-163A-4DAB-954E-D3FB7BF7D66C}.Debug|Any CPU.ActiveCfg = Debug|Any CPU
		{0F9C81E1-163A-4DAB-954E-D3FB7BF7D66C}.Debug|Any CPU.Build.0 = Debug|Any CPU
		{0F9C81E1-163A-4DAB-954E-D3FB7BF7D66C}.Release|Any CPU.ActiveCfg = Release|Any CPU
		{0F9C81E1-163A-4DAB-954E-D3FB7BF7D66C}.Release|Any CPU.Build.0 = Release|Any CPU
		{F25984E4-E291-4DE9-B92E-7FC1E8533B4B}.Debug|Any CPU.ActiveCfg = Debug|Any CPU
		{F25984E4-E291-4DE9-B92E-7FC1E8533B4B}.Debug|Any CPU.Build.0 = Debug|Any CPU
		{F25984E4-E291-4DE9-B92E-7FC1E8533B4B}.Release|Any CPU.ActiveCfg = Release|Any CPU
		{F25984E4-E291-4DE9-B92E-7FC1E8533B4B}.Release|Any CPU.Build.0 = Release|Any CPU
		{4ABC26E1-D1A9-4464-A9DC-050E9814A427}.Debug|Any CPU.ActiveCfg = Debug|Any CPU
		{4ABC26E1-D1A9-4464-A9DC-050E9814A427}.Debug|Any CPU.Build.0 = Debug|Any CPU
		{4ABC26E1-D1A9-4464-A9DC-050E9814A427}.Release|Any CPU.ActiveCfg = Release|Any CPU
		{4ABC26E1-D1A9-4464-A9DC-050E9814A427}.Release|Any CPU.Build.0 = Release|Any CPU
		{FA43A2E7-C36D-4713-8AC8-82E52DF28CCD}.Debug|Any CPU.ActiveCfg = Debug|Any CPU
		{FA43A2E7-C36D-4713-8AC8-82E52DF28CCD}.Debug|Any CPU.Build.0 = Debug|Any CPU
		{FA43A2E7-C36D-4713-8AC8-82E52DF28CCD}.Release|Any CPU.ActiveCfg = Release|Any CPU
		{FA43A2E7-C36D-4713-8AC8-82E52DF28CCD}.Release|Any CPU.Build.0 = Release|Any CPU
		{4471F4DD-BDE0-456F-9DA8-2FC91915E4EA}.Debug|Any CPU.ActiveCfg = Debug|Any CPU
		{4471F4DD-BDE0-456F-9DA8-2FC91915E4EA}.Debug|Any CPU.Build.0 = Debug|Any CPU
		{4471F4DD-BDE0-456F-9DA8-2FC91915E4EA}.Release|Any CPU.ActiveCfg = Release|Any CPU
		{4471F4DD-BDE0-456F-9DA8-2FC91915E4EA}.Release|Any CPU.Build.0 = Release|Any CPU
		{63FD61BF-88D4-4A8C-B86F-7958A9B01657}.Debug|Any CPU.ActiveCfg = Debug|Any CPU
		{63FD61BF-88D4-4A8C-B86F-7958A9B01657}.Debug|Any CPU.Build.0 = Debug|Any CPU
		{63FD61BF-88D4-4A8C-B86F-7958A9B01657}.Release|Any CPU.ActiveCfg = Release|Any CPU
		{63FD61BF-88D4-4A8C-B86F-7958A9B01657}.Release|Any CPU.Build.0 = Release|Any CPU
		{99E8D68D-416D-4DE0-AABC-105F2216BBB4}.Debug|Any CPU.ActiveCfg = Debug|Any CPU
		{99E8D68D-416D-4DE0-AABC-105F2216BBB4}.Debug|Any CPU.Build.0 = Debug|Any CPU
		{99E8D68D-416D-4DE0-AABC-105F2216BBB4}.Release|Any CPU.ActiveCfg = Release|Any CPU
		{99E8D68D-416D-4DE0-AABC-105F2216BBB4}.Release|Any CPU.Build.0 = Release|Any CPU
		{15163510-D3C5-4B84-96CD-C8FAA412595C}.Debug|Any CPU.ActiveCfg = Debug|Any CPU
		{15163510-D3C5-4B84-96CD-C8FAA412595C}.Debug|Any CPU.Build.0 = Debug|Any CPU
		{15163510-D3C5-4B84-96CD-C8FAA412595C}.Release|Any CPU.ActiveCfg = Release|Any CPU
		{15163510-D3C5-4B84-96CD-C8FAA412595C}.Release|Any CPU.Build.0 = Release|Any CPU
		{9C96EB6F-6D0E-4C60-A15E-F44CF08EC026}.Debug|Any CPU.ActiveCfg = Debug|Any CPU
		{9C96EB6F-6D0E-4C60-A15E-F44CF08EC026}.Debug|Any CPU.Build.0 = Debug|Any CPU
		{9C96EB6F-6D0E-4C60-A15E-F44CF08EC026}.Release|Any CPU.ActiveCfg = Release|Any CPU
		{9C96EB6F-6D0E-4C60-A15E-F44CF08EC026}.Release|Any CPU.Build.0 = Release|Any CPU
		{3E854EC4-9205-4C66-9F04-A2CE35CE4A3C}.Debug|Any CPU.ActiveCfg = Debug|Any CPU
		{3E854EC4-9205-4C66-9F04-A2CE35CE4A3C}.Debug|Any CPU.Build.0 = Debug|Any CPU
		{3E854EC4-9205-4C66-9F04-A2CE35CE4A3C}.Release|Any CPU.ActiveCfg = Release|Any CPU
		{3E854EC4-9205-4C66-9F04-A2CE35CE4A3C}.Release|Any CPU.Build.0 = Release|Any CPU
		{25599AF1-1E5C-4CFF-AC53-31439D0E9D9A}.Debug|Any CPU.ActiveCfg = Debug|Any CPU
		{25599AF1-1E5C-4CFF-AC53-31439D0E9D9A}.Debug|Any CPU.Build.0 = Debug|Any CPU
		{25599AF1-1E5C-4CFF-AC53-31439D0E9D9A}.Release|Any CPU.ActiveCfg = Release|Any CPU
		{25599AF1-1E5C-4CFF-AC53-31439D0E9D9A}.Release|Any CPU.Build.0 = Release|Any CPU
		{C8972FD2-8934-4769-B46D-61CDBF45FD9A}.Debug|Any CPU.ActiveCfg = Debug|Any CPU
		{C8972FD2-8934-4769-B46D-61CDBF45FD9A}.Debug|Any CPU.Build.0 = Debug|Any CPU
		{C8972FD2-8934-4769-B46D-61CDBF45FD9A}.Release|Any CPU.ActiveCfg = Release|Any CPU
		{C8972FD2-8934-4769-B46D-61CDBF45FD9A}.Release|Any CPU.Build.0 = Release|Any CPU
		{E81CF08D-B4BD-4A4C-B486-897247351642}.Debug|Any CPU.ActiveCfg = Debug|Any CPU
		{E81CF08D-B4BD-4A4C-B486-897247351642}.Debug|Any CPU.Build.0 = Debug|Any CPU
		{E81CF08D-B4BD-4A4C-B486-897247351642}.Release|Any CPU.ActiveCfg = Release|Any CPU
		{E81CF08D-B4BD-4A4C-B486-897247351642}.Release|Any CPU.Build.0 = Release|Any CPU
		{17721B88-3606-4BF5-AF55-EA9163D27AAD}.Debug|Any CPU.ActiveCfg = Debug|Any CPU
		{17721B88-3606-4BF5-AF55-EA9163D27AAD}.Debug|Any CPU.Build.0 = Debug|Any CPU
		{17721B88-3606-4BF5-AF55-EA9163D27AAD}.Release|Any CPU.ActiveCfg = Release|Any CPU
		{17721B88-3606-4BF5-AF55-EA9163D27AAD}.Release|Any CPU.Build.0 = Release|Any CPU
		{0224FFD3-5261-45F9-B548-187C49DC781B}.Debug|Any CPU.ActiveCfg = Debug|Any CPU
		{0224FFD3-5261-45F9-B548-187C49DC781B}.Debug|Any CPU.Build.0 = Debug|Any CPU
		{0224FFD3-5261-45F9-B548-187C49DC781B}.Release|Any CPU.ActiveCfg = Release|Any CPU
		{0224FFD3-5261-45F9-B548-187C49DC781B}.Release|Any CPU.Build.0 = Release|Any CPU
		{ABA86A31-A9CF-46C9-A43F-4B1CE87A1B93}.Debug|Any CPU.ActiveCfg = Debug|Any CPU
		{ABA86A31-A9CF-46C9-A43F-4B1CE87A1B93}.Debug|Any CPU.Build.0 = Debug|Any CPU
		{ABA86A31-A9CF-46C9-A43F-4B1CE87A1B93}.Release|Any CPU.ActiveCfg = Release|Any CPU
		{ABA86A31-A9CF-46C9-A43F-4B1CE87A1B93}.Release|Any CPU.Build.0 = Release|Any CPU
		{43BC44F6-C1DD-4CC3-BE96-92E9619FA6DD}.Debug|Any CPU.ActiveCfg = Debug|Any CPU
		{43BC44F6-C1DD-4CC3-BE96-92E9619FA6DD}.Debug|Any CPU.Build.0 = Debug|Any CPU
		{43BC44F6-C1DD-4CC3-BE96-92E9619FA6DD}.Release|Any CPU.ActiveCfg = Release|Any CPU
		{43BC44F6-C1DD-4CC3-BE96-92E9619FA6DD}.Release|Any CPU.Build.0 = Release|Any CPU
		{89986CB8-81AC-4BE5-A18C-F0430F928D62}.Debug|Any CPU.ActiveCfg = Debug|Any CPU
		{89986CB8-81AC-4BE5-A18C-F0430F928D62}.Debug|Any CPU.Build.0 = Debug|Any CPU
		{89986CB8-81AC-4BE5-A18C-F0430F928D62}.Release|Any CPU.ActiveCfg = Release|Any CPU
		{89986CB8-81AC-4BE5-A18C-F0430F928D62}.Release|Any CPU.Build.0 = Release|Any CPU
		{DFF11FF8-4D5B-40D6-8494-65AC31FBB497}.Debug|Any CPU.ActiveCfg = Debug|Any CPU
		{DFF11FF8-4D5B-40D6-8494-65AC31FBB497}.Debug|Any CPU.Build.0 = Debug|Any CPU
		{DFF11FF8-4D5B-40D6-8494-65AC31FBB497}.Release|Any CPU.ActiveCfg = Release|Any CPU
		{DFF11FF8-4D5B-40D6-8494-65AC31FBB497}.Release|Any CPU.Build.0 = Release|Any CPU
		{7D707FF5-A4BF-40BF-BDCA-483E30308DAD}.Debug|Any CPU.ActiveCfg = Debug|Any CPU
		{7D707FF5-A4BF-40BF-BDCA-483E30308DAD}.Debug|Any CPU.Build.0 = Debug|Any CPU
		{7D707FF5-A4BF-40BF-BDCA-483E30308DAD}.Release|Any CPU.ActiveCfg = Release|Any CPU
		{7D707FF5-A4BF-40BF-BDCA-483E30308DAD}.Release|Any CPU.Build.0 = Release|Any CPU
		{E2B5D869-554A-43B3-AB98-0C3FF5DF60C2}.Debug|Any CPU.ActiveCfg = Debug|Any CPU
		{E2B5D869-554A-43B3-AB98-0C3FF5DF60C2}.Debug|Any CPU.Build.0 = Debug|Any CPU
		{E2B5D869-554A-43B3-AB98-0C3FF5DF60C2}.Release|Any CPU.ActiveCfg = Release|Any CPU
		{E2B5D869-554A-43B3-AB98-0C3FF5DF60C2}.Release|Any CPU.Build.0 = Release|Any CPU
		{ABE0BF44-2640-41F2-8F40-33482754A913}.Debug|Any CPU.ActiveCfg = Debug|Any CPU
		{ABE0BF44-2640-41F2-8F40-33482754A913}.Debug|Any CPU.Build.0 = Debug|Any CPU
		{ABE0BF44-2640-41F2-8F40-33482754A913}.Release|Any CPU.ActiveCfg = Release|Any CPU
		{ABE0BF44-2640-41F2-8F40-33482754A913}.Release|Any CPU.Build.0 = Release|Any CPU
		{1289209E-E98E-4941-9998-9082FA33846A}.Debug|Any CPU.ActiveCfg = Debug|Any CPU
		{1289209E-E98E-4941-9998-9082FA33846A}.Debug|Any CPU.Build.0 = Debug|Any CPU
		{1289209E-E98E-4941-9998-9082FA33846A}.Release|Any CPU.ActiveCfg = Release|Any CPU
		{1289209E-E98E-4941-9998-9082FA33846A}.Release|Any CPU.Build.0 = Release|Any CPU
		{0351AE89-01B6-4A55-AEE4-5EFE21E2114C}.Debug|Any CPU.ActiveCfg = Debug|Any CPU
		{0351AE89-01B6-4A55-AEE4-5EFE21E2114C}.Debug|Any CPU.Build.0 = Debug|Any CPU
		{0351AE89-01B6-4A55-AEE4-5EFE21E2114C}.Release|Any CPU.ActiveCfg = Release|Any CPU
		{0351AE89-01B6-4A55-AEE4-5EFE21E2114C}.Release|Any CPU.Build.0 = Release|Any CPU
	EndGlobalSection
	GlobalSection(SolutionProperties) = preSolution
		HideSolutionNode = FALSE
	EndGlobalSection
	GlobalSection(NestedProjects) = preSolution
		{4471F4DD-BDE0-456F-9DA8-2FC91915E4EA} = {13702C86-3933-4B92-A340-7B58E7EF5A72}
		{63FD61BF-88D4-4A8C-B86F-7958A9B01657} = {13702C86-3933-4B92-A340-7B58E7EF5A72}
		{99E8D68D-416D-4DE0-AABC-105F2216BBB4} = {13702C86-3933-4B92-A340-7B58E7EF5A72}
		{15163510-D3C5-4B84-96CD-C8FAA412595C} = {13702C86-3933-4B92-A340-7B58E7EF5A72}
		{9C96EB6F-6D0E-4C60-A15E-F44CF08EC026} = {13702C86-3933-4B92-A340-7B58E7EF5A72}
		{3E854EC4-9205-4C66-9F04-A2CE35CE4A3C} = {721D2FB8-3670-4156-998F-3AE83993E09B}
		{25599AF1-1E5C-4CFF-AC53-31439D0E9D9A} = {721D2FB8-3670-4156-998F-3AE83993E09B}
		{C8972FD2-8934-4769-B46D-61CDBF45FD9A} = {721D2FB8-3670-4156-998F-3AE83993E09B}
		{E81CF08D-B4BD-4A4C-B486-897247351642} = {721D2FB8-3670-4156-998F-3AE83993E09B}
		{17721B88-3606-4BF5-AF55-EA9163D27AAD} = {721D2FB8-3670-4156-998F-3AE83993E09B}
		{0224FFD3-5261-45F9-B548-187C49DC781B} = {3E7F0E2A-45A5-4A5D-AD02-ED5ED89C1D10}
		{ABA86A31-A9CF-46C9-A43F-4B1CE87A1B93} = {3E7F0E2A-45A5-4A5D-AD02-ED5ED89C1D10}
		{43BC44F6-C1DD-4CC3-BE96-92E9619FA6DD} = {3E7F0E2A-45A5-4A5D-AD02-ED5ED89C1D10}
		{89986CB8-81AC-4BE5-A18C-F0430F928D62} = {3E7F0E2A-45A5-4A5D-AD02-ED5ED89C1D10}
		{DFF11FF8-4D5B-40D6-8494-65AC31FBB497} = {3E7F0E2A-45A5-4A5D-AD02-ED5ED89C1D10}
		{7D707FF5-A4BF-40BF-BDCA-483E30308DAD} = {DE0FFC2E-7673-40AA-8CB7-2B01BC3816CE}
		{E2B5D869-554A-43B3-AB98-0C3FF5DF60C2} = {DE0FFC2E-7673-40AA-8CB7-2B01BC3816CE}
		{ABE0BF44-2640-41F2-8F40-33482754A913} = {DE0FFC2E-7673-40AA-8CB7-2B01BC3816CE}
		{1289209E-E98E-4941-9998-9082FA33846A} = {DE0FFC2E-7673-40AA-8CB7-2B01BC3816CE}
		{0351AE89-01B6-4A55-AEE4-5EFE21E2114C} = {975D025B-C265-4CF2-A416-E73221B80498}
	EndGlobalSection
	GlobalSection(ExtensibilityGlobals) = postSolution
		SolutionGuid = {19CF4F79-5FDB-488D-8F40-06B54B76CAA9}
	EndGlobalSection
EndGlobal
