
Microsoft Visual Studio Solution File, Format Version 12.00
# Visual Studio Version 17
VisualStudioVersion = 17.5.002.0
MinimumVisualStudioVersion = 10.0.40219.1
Project("{9A19103F-16F7-4668-BE54-9A1E7A4F7556}") = "cse210-2", "cse210-2.csproj", "{6278C927-2C7F-42B1-8B99-78E189B09E27}"
EndProject
Project("{9A19103F-16F7-4668-BE54-9A1E7A4F7556}") = "inClass", "inClass\inClass.csproj", "{B3C23CBF-56EC-442B-8098-FC1D765E9923}"
EndProject
Project("{9A19103F-16F7-4668-BE54-9A1E7A4F7556}") = "testing", "testing\testing.csproj", "{BE6440A8-46D3-4D7E-BE9B-990FC15BAE6B}"
EndProject
Project("{9A19103F-16F7-4668-BE54-9A1E7A4F7556}") = "w3TeamActivity", "w3TeamActivity\w3TeamActivity.csproj", "{F2D374C7-3A16-403F-B85A-9B589059F46B}"
EndProject
Project("{9A19103F-16F7-4668-BE54-9A1E7A4F7556}") = "w5code-along", "w5code-along\w5code-along.csproj", "{5C33CC4F-2E39-48DB-91E2-30FB234D3479}"
EndProject
Project("{2150E333-8FDC-42A3-9474-1A3956D46DE8}") = "csharp-prep", "csharp-prep", "{261505F6-74D0-4ADF-B397-767B41AD6A2F}"
EndProject
Project("{9A19103F-16F7-4668-BE54-9A1E7A4F7556}") = "Prep1", "csharp-prep\Prep1\Prep1.csproj", "{92113F07-5F67-4EF4-A427-9C14B80561F6}"
EndProject
Project("{9A19103F-16F7-4668-BE54-9A1E7A4F7556}") = "Prep2", "csharp-prep\Prep2\Prep2.csproj", "{0A1B74BF-0A12-4ADC-912E-07F7986D2ECC}"
EndProject
Project("{9A19103F-16F7-4668-BE54-9A1E7A4F7556}") = "Prep3", "csharp-prep\Prep3\Prep3.csproj", "{0164299F-6564-482A-86D8-34E9C0C7793B}"
EndProject
Project("{9A19103F-16F7-4668-BE54-9A1E7A4F7556}") = "Prep4", "csharp-prep\Prep4\Prep4.csproj", "{13570EAD-CEB3-4111-A4BA-4C7F942B6471}"
EndProject
Project("{9A19103F-16F7-4668-BE54-9A1E7A4F7556}") = "Prep5", "csharp-prep\Prep5\Prep5.csproj", "{50EA0C70-E849-416E-A697-167DFEBC8F80}"
EndProject
Project("{2150E333-8FDC-42A3-9474-1A3956D46DE8}") = "final", "final", "{FC0FD992-C4AD-4CEA-B6EB-75B6314793A5}"
EndProject
Project("{9A19103F-16F7-4668-BE54-9A1E7A4F7556}") = "FinalProject", "final\FinalProject\FinalProject.csproj", "{A404704D-3D9A-4ABA-814E-6C3C8D998DB9}"
EndProject
Project("{9A19103F-16F7-4668-BE54-9A1E7A4F7556}") = "Foundation1", "final\Foundation1\Foundation1.csproj", "{6D02A2AC-7511-4995-8EEC-E83C1DAF36BB}"
EndProject
Project("{9A19103F-16F7-4668-BE54-9A1E7A4F7556}") = "Foundation2", "final\Foundation2\Foundation2.csproj", "{8C142D94-33A9-47FE-B0E3-68C63C9E7440}"
EndProject
Project("{9A19103F-16F7-4668-BE54-9A1E7A4F7556}") = "Foundation3", "final\Foundation3\Foundation3.csproj", "{FA2F88BD-00C8-4CB1-8E50-CD5D1C625D68}"
EndProject
Project("{9A19103F-16F7-4668-BE54-9A1E7A4F7556}") = "Foundation4", "final\Foundation4\Foundation4.csproj", "{26429122-4CF6-44EB-B211-893C037013D7}"
EndProject
Project("{2150E333-8FDC-42A3-9474-1A3956D46DE8}") = "prepare", "prepare", "{E15CBC36-8FA6-4742-849B-C19488B0B947}"
EndProject
Project("{9A19103F-16F7-4668-BE54-9A1E7A4F7556}") = "Learning02", "prepare\Learning02\Learning02.csproj", "{B403BE4B-7AEB-46A5-BE5E-8BE6E7C646F6}"
EndProject
Project("{9A19103F-16F7-4668-BE54-9A1E7A4F7556}") = "Learning03", "prepare\Learning03\Learning03.csproj", "{AF5B688F-35CE-433D-83BD-3D26D801BEB8}"
EndProject
Project("{9A19103F-16F7-4668-BE54-9A1E7A4F7556}") = "Learning04", "prepare\Learning04\Learning04.csproj", "{3251BBC9-666C-4F58-ABFE-5472C6F1B77E}"
EndProject
Project("{9A19103F-16F7-4668-BE54-9A1E7A4F7556}") = "Learning05", "prepare\Learning05\Learning05.csproj", "{A35A91D8-4236-4639-A110-98AB106E531B}"
EndProject
Project("{2150E333-8FDC-42A3-9474-1A3956D46DE8}") = "prove", "prove", "{27983F93-921E-44EE-B946-6C353B52D58A}"
EndProject
Project("{9A19103F-16F7-4668-BE54-9A1E7A4F7556}") = "Develop02", "prove\Develop02\Develop02.csproj", "{906C5549-6BCE-4B6B-958E-8110F5D69A63}"
EndProject
Project("{9A19103F-16F7-4668-BE54-9A1E7A4F7556}") = "Develop03", "prove\Develop03\Develop03.csproj", "{E770E325-CE28-4D0B-98B4-E0D743B47D11}"
EndProject
Project("{9A19103F-16F7-4668-BE54-9A1E7A4F7556}") = "Develop04", "prove\Develop04\Develop04.csproj", "{7E865EA3-3F35-46D5-9832-C140EE4620D8}"
EndProject
Project("{9A19103F-16F7-4668-BE54-9A1E7A4F7556}") = "Develop05", "prove\Develop05\Develop05.csproj", "{88B07200-5CC9-4D40-AC12-75D9698D5D5A}"
EndProject
Project("{2150E333-8FDC-42A3-9474-1A3956D46DE8}") = "sandbox", "sandbox", "{51EFB076-1C1D-4211-82A4-827D0988FA6B}"
EndProject
Project("{9A19103F-16F7-4668-BE54-9A1E7A4F7556}") = "Sandbox", "sandbox\Sandbox\Sandbox.csproj", "{FF395B9F-0A0D-455A-897E-98FDFC72D562}"
EndProject
Global
	GlobalSection(SolutionConfigurationPlatforms) = preSolution
		Debug|Any CPU = Debug|Any CPU
		Release|Any CPU = Release|Any CPU
	EndGlobalSection
	GlobalSection(ProjectConfigurationPlatforms) = postSolution
		{6278C927-2C7F-42B1-8B99-78E189B09E27}.Debug|Any CPU.ActiveCfg = Debug|Any CPU
		{6278C927-2C7F-42B1-8B99-78E189B09E27}.Debug|Any CPU.Build.0 = Debug|Any CPU
		{6278C927-2C7F-42B1-8B99-78E189B09E27}.Release|Any CPU.ActiveCfg = Release|Any CPU
		{6278C927-2C7F-42B1-8B99-78E189B09E27}.Release|Any CPU.Build.0 = Release|Any CPU
		{B3C23CBF-56EC-442B-8098-FC1D765E9923}.Debug|Any CPU.ActiveCfg = Debug|Any CPU
		{B3C23CBF-56EC-442B-8098-FC1D765E9923}.Debug|Any CPU.Build.0 = Debug|Any CPU
		{B3C23CBF-56EC-442B-8098-FC1D765E9923}.Release|Any CPU.ActiveCfg = Release|Any CPU
		{B3C23CBF-56EC-442B-8098-FC1D765E9923}.Release|Any CPU.Build.0 = Release|Any CPU
		{BE6440A8-46D3-4D7E-BE9B-990FC15BAE6B}.Debug|Any CPU.ActiveCfg = Debug|Any CPU
		{BE6440A8-46D3-4D7E-BE9B-990FC15BAE6B}.Debug|Any CPU.Build.0 = Debug|Any CPU
		{BE6440A8-46D3-4D7E-BE9B-990FC15BAE6B}.Release|Any CPU.ActiveCfg = Release|Any CPU
		{BE6440A8-46D3-4D7E-BE9B-990FC15BAE6B}.Release|Any CPU.Build.0 = Release|Any CPU
		{F2D374C7-3A16-403F-B85A-9B589059F46B}.Debug|Any CPU.ActiveCfg = Debug|Any CPU
		{F2D374C7-3A16-403F-B85A-9B589059F46B}.Debug|Any CPU.Build.0 = Debug|Any CPU
		{F2D374C7-3A16-403F-B85A-9B589059F46B}.Release|Any CPU.ActiveCfg = Release|Any CPU
		{F2D374C7-3A16-403F-B85A-9B589059F46B}.Release|Any CPU.Build.0 = Release|Any CPU
		{5C33CC4F-2E39-48DB-91E2-30FB234D3479}.Debug|Any CPU.ActiveCfg = Debug|Any CPU
		{5C33CC4F-2E39-48DB-91E2-30FB234D3479}.Debug|Any CPU.Build.0 = Debug|Any CPU
		{5C33CC4F-2E39-48DB-91E2-30FB234D3479}.Release|Any CPU.ActiveCfg = Release|Any CPU
		{5C33CC4F-2E39-48DB-91E2-30FB234D3479}.Release|Any CPU.Build.0 = Release|Any CPU
		{92113F07-5F67-4EF4-A427-9C14B80561F6}.Debug|Any CPU.ActiveCfg = Debug|Any CPU
		{92113F07-5F67-4EF4-A427-9C14B80561F6}.Debug|Any CPU.Build.0 = Debug|Any CPU
		{92113F07-5F67-4EF4-A427-9C14B80561F6}.Release|Any CPU.ActiveCfg = Release|Any CPU
		{92113F07-5F67-4EF4-A427-9C14B80561F6}.Release|Any CPU.Build.0 = Release|Any CPU
		{0A1B74BF-0A12-4ADC-912E-07F7986D2ECC}.Debug|Any CPU.ActiveCfg = Debug|Any CPU
		{0A1B74BF-0A12-4ADC-912E-07F7986D2ECC}.Debug|Any CPU.Build.0 = Debug|Any CPU
		{0A1B74BF-0A12-4ADC-912E-07F7986D2ECC}.Release|Any CPU.ActiveCfg = Release|Any CPU
		{0A1B74BF-0A12-4ADC-912E-07F7986D2ECC}.Release|Any CPU.Build.0 = Release|Any CPU
		{0164299F-6564-482A-86D8-34E9C0C7793B}.Debug|Any CPU.ActiveCfg = Debug|Any CPU
		{0164299F-6564-482A-86D8-34E9C0C7793B}.Debug|Any CPU.Build.0 = Debug|Any CPU
		{0164299F-6564-482A-86D8-34E9C0C7793B}.Release|Any CPU.ActiveCfg = Release|Any CPU
		{0164299F-6564-482A-86D8-34E9C0C7793B}.Release|Any CPU.Build.0 = Release|Any CPU
		{13570EAD-CEB3-4111-A4BA-4C7F942B6471}.Debug|Any CPU.ActiveCfg = Debug|Any CPU
		{13570EAD-CEB3-4111-A4BA-4C7F942B6471}.Debug|Any CPU.Build.0 = Debug|Any CPU
		{13570EAD-CEB3-4111-A4BA-4C7F942B6471}.Release|Any CPU.ActiveCfg = Release|Any CPU
		{13570EAD-CEB3-4111-A4BA-4C7F942B6471}.Release|Any CPU.Build.0 = Release|Any CPU
		{50EA0C70-E849-416E-A697-167DFEBC8F80}.Debug|Any CPU.ActiveCfg = Debug|Any CPU
		{50EA0C70-E849-416E-A697-167DFEBC8F80}.Debug|Any CPU.Build.0 = Debug|Any CPU
		{50EA0C70-E849-416E-A697-167DFEBC8F80}.Release|Any CPU.ActiveCfg = Release|Any CPU
		{50EA0C70-E849-416E-A697-167DFEBC8F80}.Release|Any CPU.Build.0 = Release|Any CPU
		{A404704D-3D9A-4ABA-814E-6C3C8D998DB9}.Debug|Any CPU.ActiveCfg = Debug|Any CPU
		{A404704D-3D9A-4ABA-814E-6C3C8D998DB9}.Debug|Any CPU.Build.0 = Debug|Any CPU
		{A404704D-3D9A-4ABA-814E-6C3C8D998DB9}.Release|Any CPU.ActiveCfg = Release|Any CPU
		{A404704D-3D9A-4ABA-814E-6C3C8D998DB9}.Release|Any CPU.Build.0 = Release|Any CPU
		{6D02A2AC-7511-4995-8EEC-E83C1DAF36BB}.Debug|Any CPU.ActiveCfg = Debug|Any CPU
		{6D02A2AC-7511-4995-8EEC-E83C1DAF36BB}.Debug|Any CPU.Build.0 = Debug|Any CPU
		{6D02A2AC-7511-4995-8EEC-E83C1DAF36BB}.Release|Any CPU.ActiveCfg = Release|Any CPU
		{6D02A2AC-7511-4995-8EEC-E83C1DAF36BB}.Release|Any CPU.Build.0 = Release|Any CPU
		{8C142D94-33A9-47FE-B0E3-68C63C9E7440}.Debug|Any CPU.ActiveCfg = Debug|Any CPU
		{8C142D94-33A9-47FE-B0E3-68C63C9E7440}.Debug|Any CPU.Build.0 = Debug|Any CPU
		{8C142D94-33A9-47FE-B0E3-68C63C9E7440}.Release|Any CPU.ActiveCfg = Release|Any CPU
		{8C142D94-33A9-47FE-B0E3-68C63C9E7440}.Release|Any CPU.Build.0 = Release|Any CPU
		{FA2F88BD-00C8-4CB1-8E50-CD5D1C625D68}.Debug|Any CPU.ActiveCfg = Debug|Any CPU
		{FA2F88BD-00C8-4CB1-8E50-CD5D1C625D68}.Debug|Any CPU.Build.0 = Debug|Any CPU
		{FA2F88BD-00C8-4CB1-8E50-CD5D1C625D68}.Release|Any CPU.ActiveCfg = Release|Any CPU
		{FA2F88BD-00C8-4CB1-8E50-CD5D1C625D68}.Release|Any CPU.Build.0 = Release|Any CPU
		{26429122-4CF6-44EB-B211-893C037013D7}.Debug|Any CPU.ActiveCfg = Debug|Any CPU
		{26429122-4CF6-44EB-B211-893C037013D7}.Debug|Any CPU.Build.0 = Debug|Any CPU
		{26429122-4CF6-44EB-B211-893C037013D7}.Release|Any CPU.ActiveCfg = Release|Any CPU
		{26429122-4CF6-44EB-B211-893C037013D7}.Release|Any CPU.Build.0 = Release|Any CPU
		{B403BE4B-7AEB-46A5-BE5E-8BE6E7C646F6}.Debug|Any CPU.ActiveCfg = Debug|Any CPU
		{B403BE4B-7AEB-46A5-BE5E-8BE6E7C646F6}.Debug|Any CPU.Build.0 = Debug|Any CPU
		{B403BE4B-7AEB-46A5-BE5E-8BE6E7C646F6}.Release|Any CPU.ActiveCfg = Release|Any CPU
		{B403BE4B-7AEB-46A5-BE5E-8BE6E7C646F6}.Release|Any CPU.Build.0 = Release|Any CPU
		{AF5B688F-35CE-433D-83BD-3D26D801BEB8}.Debug|Any CPU.ActiveCfg = Debug|Any CPU
		{AF5B688F-35CE-433D-83BD-3D26D801BEB8}.Debug|Any CPU.Build.0 = Debug|Any CPU
		{AF5B688F-35CE-433D-83BD-3D26D801BEB8}.Release|Any CPU.ActiveCfg = Release|Any CPU
		{AF5B688F-35CE-433D-83BD-3D26D801BEB8}.Release|Any CPU.Build.0 = Release|Any CPU
		{3251BBC9-666C-4F58-ABFE-5472C6F1B77E}.Debug|Any CPU.ActiveCfg = Debug|Any CPU
		{3251BBC9-666C-4F58-ABFE-5472C6F1B77E}.Debug|Any CPU.Build.0 = Debug|Any CPU
		{3251BBC9-666C-4F58-ABFE-5472C6F1B77E}.Release|Any CPU.ActiveCfg = Release|Any CPU
		{3251BBC9-666C-4F58-ABFE-5472C6F1B77E}.Release|Any CPU.Build.0 = Release|Any CPU
		{A35A91D8-4236-4639-A110-98AB106E531B}.Debug|Any CPU.ActiveCfg = Debug|Any CPU
		{A35A91D8-4236-4639-A110-98AB106E531B}.Debug|Any CPU.Build.0 = Debug|Any CPU
		{A35A91D8-4236-4639-A110-98AB106E531B}.Release|Any CPU.ActiveCfg = Release|Any CPU
		{A35A91D8-4236-4639-A110-98AB106E531B}.Release|Any CPU.Build.0 = Release|Any CPU
		{906C5549-6BCE-4B6B-958E-8110F5D69A63}.Debug|Any CPU.ActiveCfg = Debug|Any CPU
		{906C5549-6BCE-4B6B-958E-8110F5D69A63}.Debug|Any CPU.Build.0 = Debug|Any CPU
		{906C5549-6BCE-4B6B-958E-8110F5D69A63}.Release|Any CPU.ActiveCfg = Release|Any CPU
		{906C5549-6BCE-4B6B-958E-8110F5D69A63}.Release|Any CPU.Build.0 = Release|Any CPU
		{E770E325-CE28-4D0B-98B4-E0D743B47D11}.Debug|Any CPU.ActiveCfg = Debug|Any CPU
		{E770E325-CE28-4D0B-98B4-E0D743B47D11}.Debug|Any CPU.Build.0 = Debug|Any CPU
		{E770E325-CE28-4D0B-98B4-E0D743B47D11}.Release|Any CPU.ActiveCfg = Release|Any CPU
		{E770E325-CE28-4D0B-98B4-E0D743B47D11}.Release|Any CPU.Build.0 = Release|Any CPU
		{7E865EA3-3F35-46D5-9832-C140EE4620D8}.Debug|Any CPU.ActiveCfg = Debug|Any CPU
		{7E865EA3-3F35-46D5-9832-C140EE4620D8}.Debug|Any CPU.Build.0 = Debug|Any CPU
		{7E865EA3-3F35-46D5-9832-C140EE4620D8}.Release|Any CPU.ActiveCfg = Release|Any CPU
		{7E865EA3-3F35-46D5-9832-C140EE4620D8}.Release|Any CPU.Build.0 = Release|Any CPU
		{88B07200-5CC9-4D40-AC12-75D9698D5D5A}.Debug|Any CPU.ActiveCfg = Debug|Any CPU
		{88B07200-5CC9-4D40-AC12-75D9698D5D5A}.Debug|Any CPU.Build.0 = Debug|Any CPU
		{88B07200-5CC9-4D40-AC12-75D9698D5D5A}.Release|Any CPU.ActiveCfg = Release|Any CPU
		{88B07200-5CC9-4D40-AC12-75D9698D5D5A}.Release|Any CPU.Build.0 = Release|Any CPU
		{FF395B9F-0A0D-455A-897E-98FDFC72D562}.Debug|Any CPU.ActiveCfg = Debug|Any CPU
		{FF395B9F-0A0D-455A-897E-98FDFC72D562}.Debug|Any CPU.Build.0 = Debug|Any CPU
		{FF395B9F-0A0D-455A-897E-98FDFC72D562}.Release|Any CPU.ActiveCfg = Release|Any CPU
		{FF395B9F-0A0D-455A-897E-98FDFC72D562}.Release|Any CPU.Build.0 = Release|Any CPU
	EndGlobalSection
	GlobalSection(SolutionProperties) = preSolution
		HideSolutionNode = FALSE
	EndGlobalSection
	GlobalSection(NestedProjects) = preSolution
		{92113F07-5F67-4EF4-A427-9C14B80561F6} = {261505F6-74D0-4ADF-B397-767B41AD6A2F}
		{0A1B74BF-0A12-4ADC-912E-07F7986D2ECC} = {261505F6-74D0-4ADF-B397-767B41AD6A2F}
		{0164299F-6564-482A-86D8-34E9C0C7793B} = {261505F6-74D0-4ADF-B397-767B41AD6A2F}
		{13570EAD-CEB3-4111-A4BA-4C7F942B6471} = {261505F6-74D0-4ADF-B397-767B41AD6A2F}
		{50EA0C70-E849-416E-A697-167DFEBC8F80} = {261505F6-74D0-4ADF-B397-767B41AD6A2F}
		{A404704D-3D9A-4ABA-814E-6C3C8D998DB9} = {FC0FD992-C4AD-4CEA-B6EB-75B6314793A5}
		{6D02A2AC-7511-4995-8EEC-E83C1DAF36BB} = {FC0FD992-C4AD-4CEA-B6EB-75B6314793A5}
		{8C142D94-33A9-47FE-B0E3-68C63C9E7440} = {FC0FD992-C4AD-4CEA-B6EB-75B6314793A5}
		{FA2F88BD-00C8-4CB1-8E50-CD5D1C625D68} = {FC0FD992-C4AD-4CEA-B6EB-75B6314793A5}
		{26429122-4CF6-44EB-B211-893C037013D7} = {FC0FD992-C4AD-4CEA-B6EB-75B6314793A5}
		{B403BE4B-7AEB-46A5-BE5E-8BE6E7C646F6} = {E15CBC36-8FA6-4742-849B-C19488B0B947}
		{AF5B688F-35CE-433D-83BD-3D26D801BEB8} = {E15CBC36-8FA6-4742-849B-C19488B0B947}
		{3251BBC9-666C-4F58-ABFE-5472C6F1B77E} = {E15CBC36-8FA6-4742-849B-C19488B0B947}
		{A35A91D8-4236-4639-A110-98AB106E531B} = {E15CBC36-8FA6-4742-849B-C19488B0B947}
		{906C5549-6BCE-4B6B-958E-8110F5D69A63} = {27983F93-921E-44EE-B946-6C353B52D58A}
		{E770E325-CE28-4D0B-98B4-E0D743B47D11} = {27983F93-921E-44EE-B946-6C353B52D58A}
		{7E865EA3-3F35-46D5-9832-C140EE4620D8} = {27983F93-921E-44EE-B946-6C353B52D58A}
		{88B07200-5CC9-4D40-AC12-75D9698D5D5A} = {27983F93-921E-44EE-B946-6C353B52D58A}
		{FF395B9F-0A0D-455A-897E-98FDFC72D562} = {51EFB076-1C1D-4211-82A4-827D0988FA6B}
	EndGlobalSection
	GlobalSection(ExtensibilityGlobals) = postSolution
		SolutionGuid = {B7ECCB4E-4B9D-4EA0-8EF2-58E20FC7357B}
	EndGlobalSection
EndGlobal
